
Microsoft Visual Studio Solution File, Format Version 12.00
# Visual Studio Version 17
VisualStudioVersion = 17.9.34714.143
MinimumVisualStudioVersion = 10.0.40219.1
Project("{FAE04EC0-301F-11D3-BF4B-00C04F79EFBC}") = "RISE", "RISE\RISE.csproj", "{A201A783-321D-4043-B515-0D5AD7708479}"
EndProject
Global
	GlobalSection(SolutionConfigurationPlatforms) = preSolution
		Debug|Any CPU = Debug|Any CPU
		Release|Any CPU = Release|Any CPU
	EndGlobalSection
	GlobalSection(ProjectConfigurationPlatforms) = postSolution
		{A201A783-321D-4043-B515-0D5AD7708479}.Debug|Any CPU.ActiveCfg = Debug|Any CPU
		{A201A783-321D-4043-B515-0D5AD7708479}.Debug|Any CPU.Build.0 = Debug|Any CPU
		{A201A783-321D-4043-B515-0D5AD7708479}.Release|Any CPU.ActiveCfg = Release|Any CPU
		{A201A783-321D-4043-B515-0D5AD7708479}.Release|Any CPU.Build.0 = Release|Any CPU
	EndGlobalSection
	GlobalSection(SolutionProperties) = preSolution
		HideSolutionNode = FALSE
	EndGlobalSection
	GlobalSection(ExtensibilityGlobals) = postSolution
		SolutionGuid = {9211E36F-83B5-4066-872F-99782720D1C8}
	EndGlobalSection
EndGlobal
